
Microsoft Visual Studio Solution File, Format Version 12.00
# Visual Studio 14
VisualStudioVersion = 14.0.24720.0
MinimumVisualStudioVersion = 10.0.40219.1
Project("{2150E333-8FDC-42A3-9474-1A3956D46DE8}") = "_layouts", "_layouts", "{39019683-B346-497F-A1CE-0CEB71BF2112}"
	ProjectSection(SolutionItems) = preProject
		_layouts\default.html = _layouts\default.html
		_layouts\page.html = _layouts\page.html
		_layouts\post.html = _layouts\post.html
		_layouts\wiki.html = _layouts\wiki.html
	EndProjectSection
EndProject
Project("{2150E333-8FDC-42A3-9474-1A3956D46DE8}") = "Solution Items", "Solution Items", "{AB48FA0B-F39D-4E94-9DEA-15FAF61C33DF}"
	ProjectSection(SolutionItems) = preProject
		404.md = 404.md
		_config.yml = _config.yml
		ABDist.md = ABDist.md
		about.md = about.md
		index.md = index.md
		MasterThesis.md = MasterThesis.md
		README.md = README.md
	EndProjectSection
EndProject
Global
	GlobalSection(SolutionProperties) = preSolution
		HideSolutionNode = FALSE
	EndGlobalSection
EndGlobal
