
Microsoft Visual Studio Solution File, Format Version 12.00
# Visual Studio 14
VisualStudioVersion = 14.0.24720.0
MinimumVisualStudioVersion = 10.0.40219.1
Project("{2150E333-8FDC-42A3-9474-1A3956D46DE8}") = "_layouts", "_layouts", "{39019683-B346-497F-A1CE-0CEB71BF2112}"
	ProjectSection(SolutionItems) = preProject
		_layouts\default.html = _layouts\default.html
		_layouts\page.html = _layouts\page.html
		_layouts\post.html = _layouts\post.html
		_layouts\wiki.html = _layouts\wiki.html
	EndProjectSection
EndProject
Project("{2150E333-8FDC-42A3-9474-1A3956D46DE8}") = "Solution Items", "Solution Items", "{AB48FA0B-F39D-4E94-9DEA-15FAF61C33DF}"
	ProjectSection(SolutionItems) = preProject
		404.md = 404.md
		_config.yml = _config.yml
		a_strange_one.htm = a_strange_one.htm
		ABDist.md = ABDist.md
		about.md = about.md
		audio_critic_test.htm = audio_critic_test.htm
		audiodesign.md = audiodesign.md
		AudioStartsHere.htm = AudioStartsHere.htm
		bruktsalg.htm = bruktsalg.htm
		calculations_on_the_25w_amp.htm = calculations_on_the_25w_amp.htm
		compctrl.htm = compctrl.htm
		content.htm = content.htm
		cooling_fins.md = cooling_fins.md
		Default.htm = Default.htm
		distortion_calculators.htm = distortion_calculators.htm
		faq.htm = faq.htm
		favorite.htm = favorite.htm
		index.htm = index.htm
		index.md = index.md
		interest.htm = interest.htm
		later_designs.htm = later_designs.htm
		links.htm = links.htm
		MasterThesis.md = MasterThesis.md
		may_78_preamplifier.htm = may_78_preamplifier.htm
		mod_pics.htm = mod_pics.htm
		modified_amplifiers.htm = modified_amplifiers.htm
		modified_schem.htm = modified_schem.htm
		myfav3.htm = myfav3.htm
		news.htm = news.htm
		norsk_radiofabrikk.htm = norsk_radiofabrikk.htm
		notes_from_the_pressNRF.htm = notes_from_the_pressNRF.htm
		open_and_closed_loop_frequency_r.htm = open_and_closed_loop_frequency_r.htm
		Otala amp 1973, original.htm = Otala amp 1973, original.htm
		OtalaStory.htm = OtalaStory.htm
		OtherDesigns.htm = OtherDesigns.htm
		our_first_brochure.htm = our_first_brochure.htm
		our_second_brochure.htm = our_second_brochure.htm
		people_involved.htm = people_involved.htm
		perfect_25_w_amplifier.htm = perfect_25_w_amplifier.htm
		photo.htm = photo.htm
		postinfo.html = postinfo.html
		protection_networks.htm = protection_networks.htm
		README.md = README.md
		Reg25W.htm = Reg25W.htm
		schematics.htm = schematics.htm
		schematics_2.htm = schematics_2.htm
		schematics_of_the_real_ec_25w_am.htm = schematics_of_the_real_ec_25w_am.htm
		school_amplifier.md = school_amplifier.md
		SingleCalc.htm = SingleCalc.htm
		site_is_under_reconstruction.htm = site_is_under_reconstruction.htm
		TableOfContent.htm = TableOfContent.htm
		Theory.htm = Theory.htm
		theory_of_single_stages.htm = theory_of_single_stages.htm
		Transformers_etc.htm = Transformers_etc.htm
		troubleshooting_the_preamplfier.htm = troubleshooting_the_preamplfier.htm
		troubleshooting_your_amplifier.htm = troubleshooting_your_amplifier.htm
		unknown.htm = unknown.htm
		whoami.htm = whoami.htm
	EndProjectSection
EndProject
Project("{2150E333-8FDC-42A3-9474-1A3956D46DE8}") = "Images", "Images", "{DFA5192D-D7F2-48BD-AF5C-4EEAAF213119}"
	ProjectSection(SolutionItems) = preProject
		aesj831r.jpg = aesj831r.jpg
		aesj832r.jpg = aesj832r.jpg
		aesj833r.jpg = aesj833r.jpg
		aesj834r.jpg = aesj834r.jpg
		AnalysisOf25W.jpg = AnalysisOf25W.jpg
		ASpecial_SpecialVersion.jpg = ASpecial_SpecialVersion.jpg
		Audio_Critic_page_1_reduced_size.jpg = Audio_Critic_page_1_reduced_size.jpg
		Audio_Critic_page_2_reduced_size.jpg = Audio_Critic_page_2_reduced_size.jpg
		AudioVerdenen-NRF.jpg = AudioVerdenen-NRF.jpg
		Brochure2.jpg = Brochure2.jpg
		Brochure2b.jpg = Brochure2b.jpg
		Brosjyre_1_side_1.jpg = Brosjyre_1_side_1.jpg
		Brosjyre_1_side_2.jpg = Brosjyre_1_side_2.jpg
		CoolingFin2.jpg = CoolingFin2.jpg
		Eq1.gif = Eq1.gif
		eq2.gif = eq2.gif
		eq3.gif = eq3.gif
		eq4.gif = eq4.gif
		eq6.gif = eq6.gif
		Forsterker.jpg = Forsterker.jpg
		ForsterkerMedModifisertKort.JPG = ForsterkerMedModifisertKort.JPG
		ForsterkerMedModifisertKort2.JPG = ForsterkerMedModifisertKort2.JPG
		GainStage34-82.jpg = GainStage34-82.jpg
		galaxy5.jpg = galaxy5.jpg
		HiFi 2 1980.jpg = HiFi 2 1980.jpg
		HiFi 5 1980.jpg = HiFi 5 1980.jpg
		Inngangsmodifikasjon.JPG = Inngangsmodifikasjon.JPG
		Inngangsmodifikasjon2.JPG = Inngangsmodifikasjon2.JPG
		Inngangsmodifikasjon3.JPG = Inngangsmodifikasjon3.JPG
		j0240695.gif = j0240695.gif
		Mai78PreAmp-LineAmp.jpg = Mai78PreAmp-LineAmp.jpg
		Mai78PreAmp-LineAmp1.jpg = Mai78PreAmp-LineAmp1.jpg
		Mechanical_Assembly.jpg = Mechanical_Assembly.jpg
		Modifikasjon strømgeneratorer.JPG = Modifikasjon strømgeneratorer.JPG
		Modifisert forsterkerkort.JPG = Modifisert forsterkerkort.JPG
		Modifisert forsterkerskjema.jpg = Modifisert forsterkerskjema.jpg
		Modifisertforsterkerskjema.jpg = Modifisertforsterkerskjema.jpg
		OsirisEye.jpg = OsirisEye.jpg
		OsirisLogo.jpg = OsirisLogo.jpg
		Otala_Amplifier_component_list_original_1973_reduced_size.jpg = Otala_Amplifier_component_list_original_1973_reduced_size.jpg
		Otala_Amplifier_schematic_original_1973_size_reduced.jpg = Otala_Amplifier_schematic_original_1973_size_reduced.jpg
		Otala_Amplifier_specifications_original_1973_reduced_size.jpg = Otala_Amplifier_specifications_original_1973_reduced_size.jpg
		OUTPREG1.jpg = OUTPREG1.jpg
		Parts1of5.jpg = Parts1of5.jpg
		Parts2of5.jpg = Parts2of5.jpg
		Parts3of5.jpg = Parts3of5.jpg
		Parts4of5.jpg = Parts4of5.jpg
		Parts5of5.jpg = Parts5of5.jpg
		PartsA1of2.jpg = PartsA1of2.jpg
		PartsA2of2.jpg = PartsA2of2.jpg
		PowerSupply.jpg = PowerSupply.jpg
		Preamp82-Block1.jpg = Preamp82-Block1.jpg
		Preamp82-Block2.jpg = Preamp82-Block2.jpg
		ProtectionNetwork.jpg = ProtectionNetwork.jpg
		Puls 2 1980.jpg = Puls 2 1980.jpg
		Puls 4 1980.jpg = Puls 4 1980.jpg
		Schematic_PowerAmp.jpg = Schematic_PowerAmp.jpg
		SchoolAmplifier.jpg = SchoolAmplifier.jpg
		SingleStage.gif = SingleStage.gif
		spiral.jpg = spiral.jpg
		sumtextb.jpg = sumtextb.jpg
		Transformers.jpg = Transformers.jpg
		TroubleShooting1.jpg = TroubleShooting1.jpg
		TroubleShooting2.jpg = TroubleShooting2.jpg
		TroubleShooting3.jpg = TroubleShooting3.jpg
		ts.jpg = ts.jpg
		TS2.jpg = TS2.jpg
		Vaga.jpg = Vaga.jpg
		Wiring.jpg = Wiring.jpg
	EndProjectSection
EndProject
Global
	GlobalSection(SolutionProperties) = preSolution
		HideSolutionNode = FALSE
	EndGlobalSection
EndGlobal
